
Microsoft Visual Studio Solution File, Format Version 12.00
# Visual Studio 2012
Project("{FAE04EC0-301F-11D3-BF4B-00C04F79EFBC}") = "Custom.WebApi", "Custom.WebApi\Custom.WebApi.csproj", "{19D08E0D-0006-4114-A8DA-06FD743933DE}"
EndProject
Project("{FAE04EC0-301F-11D3-BF4B-00C04F79EFBC}") = "Custom.WebApi.Tests", "Custom.WebApi.Tests\Custom.WebApi.Tests.csproj", "{F20F091C-175F-4CB1-BA84-20B3FEEC1A32}"
EndProject
Project("{2150E333-8FDC-42A3-9474-1A3956D46DE8}") = "Scripts", "Scripts", "{C7DC7D63-EB85-42A5-BC02-E454A3E220DB}"
EndProject
Project("{FAE04EC0-301F-11D3-BF4B-00C04F79EFBC}") = "jQuery", "jQuery\jQuery.csproj", "{AC7658BF-02C6-459F-B919-0388AF3220E3}"
EndProject
Project("{FAE04EC0-301F-11D3-BF4B-00C04F79EFBC}") = "jQuery.Mobile", "jQuery.Mobile\jQuery.Mobile.csproj", "{9E450112-65AF-4972-9978-593FE1145278}"
EndProject
Project("{FAE04EC0-301F-11D3-BF4B-00C04F79EFBC}") = "Custom.WebClient.Social", "Custom.WebClient.Social\Custom.WebClient.Social.csproj", "{1489C8A1-C503-4766-8360-8F2231D313E6}"
EndProject
Project("{FAE04EC0-301F-11D3-BF4B-00C04F79EFBC}") = "Custom.WebClient.Trading", "Custom.WebClient.Trading\Custom.WebClient.Trading.csproj", "{02970993-3467-4293-8430-903F5774BFD2}"
EndProject
Project("{FAE04EC0-301F-11D3-BF4B-00C04F79EFBC}") = "Custom.WebClient.Reflection", "Custom.WebClient.Reflection\Custom.WebClient.Reflection.csproj", "{060FD65F-D58B-4E20-84B9-924B5B04BF58}"
EndProject
Project("{FAE04EC0-301F-11D3-BF4B-00C04F79EFBC}") = "Custom.WebClient.Core", "Custom.WebClient.Core\Custom.WebClient.Core.csproj", "{944A89EE-4564-4292-94AD-8D8245FF4060}"
EndProject
Project("{FAE04EC0-301F-11D3-BF4B-00C04F79EFBC}") = "Custom.WebClient.Base", "Custom.WebClient.Base\Custom.WebClient.Base.csproj", "{6F719BE8-9856-40F5-86D4-D946D097EA25}"
EndProject
Project("{FAE04EC0-301F-11D3-BF4B-00C04F79EFBC}") = "Angular", "Angular\Angular.csproj", "{81D9BCE1-233A-4C44-8DEF-C66DF0C129E0}"
EndProject
Project("{FAE04EC0-301F-11D3-BF4B-00C04F79EFBC}") = "Require", "Require\Require.csproj", "{195CEBD8-1066-4727-BD6A-BF86F5B70109}"
EndProject
Project("{FAE04EC0-301F-11D3-BF4B-00C04F79EFBC}") = "Custom.WebClient.Main", "Custom.WebClient.Main\Custom.WebClient.Main.csproj", "{DD668CDC-2AAA-4E80-A2E0-A34B9833F1D9}"
EndProject
Project("{FAE04EC0-301F-11D3-BF4B-00C04F79EFBC}") = "Custom.WebClient.Draw", "Custom.WebClient.Draw\Custom.WebClient.Draw.csproj", "{0524509F-EE93-4F3E-B090-EECDF7ADACAA}"
EndProject
Project("{FAE04EC0-301F-11D3-BF4B-00C04F79EFBC}") = "Kinetic", "Kinetic\Kinetic.csproj", "{34D089B5-03AE-4838-8F90-603637A8EB78}"
EndProject
Project("{FAE04EC0-301F-11D3-BF4B-00C04F79EFBC}") = "Custom.WebClient.Math", "Custom.WebClient.Math\Custom.WebClient.Math.csproj", "{CC589DDE-423C-4814-B0F0-6CFDCF8010F1}"
EndProject
Project("{FAE04EC0-301F-11D3-BF4B-00C04F79EFBC}") = "Custom.WebClient.Demo", "Custom.WebClient.Demo\Custom.WebClient.Demo.csproj", "{A10A06B8-F02A-405E-A265-CAA2E5072BF4}"
EndProject
Project("{FAE04EC0-301F-11D3-BF4B-00C04F79EFBC}") = "SignalR", "SignalR\SignalR.csproj", "{2F4B0AAC-4B6A-4D96-921E-A754A5825BBA}"
EndProject
Project("{FAE04EC0-301F-11D3-BF4B-00C04F79EFBC}") = "OAuth", "OAuth\OAuth.csproj", "{B64EE24B-C6C9-4E17-842D-9319984EBAC1}"
EndProject
Global
	GlobalSection(SolutionConfigurationPlatforms) = preSolution
		Debug|Any CPU = Debug|Any CPU
		Release|Any CPU = Release|Any CPU
	EndGlobalSection
	GlobalSection(ProjectConfigurationPlatforms) = postSolution
		{19D08E0D-0006-4114-A8DA-06FD743933DE}.Debug|Any CPU.ActiveCfg = Debug|Any CPU
		{19D08E0D-0006-4114-A8DA-06FD743933DE}.Debug|Any CPU.Build.0 = Debug|Any CPU
		{19D08E0D-0006-4114-A8DA-06FD743933DE}.Release|Any CPU.ActiveCfg = Release|Any CPU
		{19D08E0D-0006-4114-A8DA-06FD743933DE}.Release|Any CPU.Build.0 = Release|Any CPU
		{F20F091C-175F-4CB1-BA84-20B3FEEC1A32}.Debug|Any CPU.ActiveCfg = Debug|Any CPU
		{F20F091C-175F-4CB1-BA84-20B3FEEC1A32}.Debug|Any CPU.Build.0 = Debug|Any CPU
		{F20F091C-175F-4CB1-BA84-20B3FEEC1A32}.Release|Any CPU.ActiveCfg = Release|Any CPU
		{F20F091C-175F-4CB1-BA84-20B3FEEC1A32}.Release|Any CPU.Build.0 = Release|Any CPU
		{AC7658BF-02C6-459F-B919-0388AF3220E3}.Debug|Any CPU.ActiveCfg = Debug|Any CPU
		{AC7658BF-02C6-459F-B919-0388AF3220E3}.Debug|Any CPU.Build.0 = Debug|Any CPU
		{AC7658BF-02C6-459F-B919-0388AF3220E3}.Release|Any CPU.ActiveCfg = Release|Any CPU
		{AC7658BF-02C6-459F-B919-0388AF3220E3}.Release|Any CPU.Build.0 = Release|Any CPU
		{9E450112-65AF-4972-9978-593FE1145278}.Debug|Any CPU.ActiveCfg = Debug|Any CPU
		{9E450112-65AF-4972-9978-593FE1145278}.Debug|Any CPU.Build.0 = Debug|Any CPU
		{9E450112-65AF-4972-9978-593FE1145278}.Release|Any CPU.ActiveCfg = Release|Any CPU
		{9E450112-65AF-4972-9978-593FE1145278}.Release|Any CPU.Build.0 = Release|Any CPU
		{1489C8A1-C503-4766-8360-8F2231D313E6}.Debug|Any CPU.ActiveCfg = Debug|Any CPU
		{1489C8A1-C503-4766-8360-8F2231D313E6}.Debug|Any CPU.Build.0 = Debug|Any CPU
		{1489C8A1-C503-4766-8360-8F2231D313E6}.Release|Any CPU.ActiveCfg = Release|Any CPU
		{1489C8A1-C503-4766-8360-8F2231D313E6}.Release|Any CPU.Build.0 = Release|Any CPU
		{02970993-3467-4293-8430-903F5774BFD2}.Debug|Any CPU.ActiveCfg = Debug|Any CPU
		{02970993-3467-4293-8430-903F5774BFD2}.Debug|Any CPU.Build.0 = Debug|Any CPU
		{02970993-3467-4293-8430-903F5774BFD2}.Release|Any CPU.ActiveCfg = Release|Any CPU
		{02970993-3467-4293-8430-903F5774BFD2}.Release|Any CPU.Build.0 = Release|Any CPU
		{060FD65F-D58B-4E20-84B9-924B5B04BF58}.Debug|Any CPU.ActiveCfg = Debug|Any CPU
		{060FD65F-D58B-4E20-84B9-924B5B04BF58}.Debug|Any CPU.Build.0 = Debug|Any CPU
		{060FD65F-D58B-4E20-84B9-924B5B04BF58}.Release|Any CPU.ActiveCfg = Release|Any CPU
		{060FD65F-D58B-4E20-84B9-924B5B04BF58}.Release|Any CPU.Build.0 = Release|Any CPU
		{944A89EE-4564-4292-94AD-8D8245FF4060}.Debug|Any CPU.ActiveCfg = Debug|Any CPU
		{944A89EE-4564-4292-94AD-8D8245FF4060}.Debug|Any CPU.Build.0 = Debug|Any CPU
		{944A89EE-4564-4292-94AD-8D8245FF4060}.Release|Any CPU.ActiveCfg = Release|Any CPU
		{944A89EE-4564-4292-94AD-8D8245FF4060}.Release|Any CPU.Build.0 = Release|Any CPU
		{6F719BE8-9856-40F5-86D4-D946D097EA25}.Debug|Any CPU.ActiveCfg = Debug|Any CPU
		{6F719BE8-9856-40F5-86D4-D946D097EA25}.Debug|Any CPU.Build.0 = Debug|Any CPU
		{6F719BE8-9856-40F5-86D4-D946D097EA25}.Release|Any CPU.ActiveCfg = Release|Any CPU
		{6F719BE8-9856-40F5-86D4-D946D097EA25}.Release|Any CPU.Build.0 = Release|Any CPU
		{81D9BCE1-233A-4C44-8DEF-C66DF0C129E0}.Debug|Any CPU.ActiveCfg = Debug|Any CPU
		{81D9BCE1-233A-4C44-8DEF-C66DF0C129E0}.Debug|Any CPU.Build.0 = Debug|Any CPU
		{81D9BCE1-233A-4C44-8DEF-C66DF0C129E0}.Release|Any CPU.ActiveCfg = Release|Any CPU
		{81D9BCE1-233A-4C44-8DEF-C66DF0C129E0}.Release|Any CPU.Build.0 = Release|Any CPU
		{195CEBD8-1066-4727-BD6A-BF86F5B70109}.Debug|Any CPU.ActiveCfg = Debug|Any CPU
		{195CEBD8-1066-4727-BD6A-BF86F5B70109}.Debug|Any CPU.Build.0 = Debug|Any CPU
		{195CEBD8-1066-4727-BD6A-BF86F5B70109}.Release|Any CPU.ActiveCfg = Release|Any CPU
		{195CEBD8-1066-4727-BD6A-BF86F5B70109}.Release|Any CPU.Build.0 = Release|Any CPU
		{DD668CDC-2AAA-4E80-A2E0-A34B9833F1D9}.Debug|Any CPU.ActiveCfg = Debug|Any CPU
		{DD668CDC-2AAA-4E80-A2E0-A34B9833F1D9}.Debug|Any CPU.Build.0 = Debug|Any CPU
		{DD668CDC-2AAA-4E80-A2E0-A34B9833F1D9}.Release|Any CPU.ActiveCfg = Release|Any CPU
		{DD668CDC-2AAA-4E80-A2E0-A34B9833F1D9}.Release|Any CPU.Build.0 = Release|Any CPU
		{0524509F-EE93-4F3E-B090-EECDF7ADACAA}.Debug|Any CPU.ActiveCfg = Debug|Any CPU
		{0524509F-EE93-4F3E-B090-EECDF7ADACAA}.Debug|Any CPU.Build.0 = Debug|Any CPU
		{0524509F-EE93-4F3E-B090-EECDF7ADACAA}.Release|Any CPU.ActiveCfg = Release|Any CPU
		{0524509F-EE93-4F3E-B090-EECDF7ADACAA}.Release|Any CPU.Build.0 = Release|Any CPU
		{34D089B5-03AE-4838-8F90-603637A8EB78}.Debug|Any CPU.ActiveCfg = Debug|Any CPU
		{34D089B5-03AE-4838-8F90-603637A8EB78}.Debug|Any CPU.Build.0 = Debug|Any CPU
		{34D089B5-03AE-4838-8F90-603637A8EB78}.Release|Any CPU.ActiveCfg = Release|Any CPU
		{34D089B5-03AE-4838-8F90-603637A8EB78}.Release|Any CPU.Build.0 = Release|Any CPU
		{CC589DDE-423C-4814-B0F0-6CFDCF8010F1}.Debug|Any CPU.ActiveCfg = Debug|Any CPU
		{CC589DDE-423C-4814-B0F0-6CFDCF8010F1}.Debug|Any CPU.Build.0 = Debug|Any CPU
		{CC589DDE-423C-4814-B0F0-6CFDCF8010F1}.Release|Any CPU.ActiveCfg = Release|Any CPU
		{CC589DDE-423C-4814-B0F0-6CFDCF8010F1}.Release|Any CPU.Build.0 = Release|Any CPU
		{A10A06B8-F02A-405E-A265-CAA2E5072BF4}.Debug|Any CPU.ActiveCfg = Debug|Any CPU
		{A10A06B8-F02A-405E-A265-CAA2E5072BF4}.Debug|Any CPU.Build.0 = Debug|Any CPU
		{A10A06B8-F02A-405E-A265-CAA2E5072BF4}.Release|Any CPU.ActiveCfg = Release|Any CPU
		{A10A06B8-F02A-405E-A265-CAA2E5072BF4}.Release|Any CPU.Build.0 = Release|Any CPU
		{2F4B0AAC-4B6A-4D96-921E-A754A5825BBA}.Debug|Any CPU.ActiveCfg = Debug|Any CPU
		{2F4B0AAC-4B6A-4D96-921E-A754A5825BBA}.Debug|Any CPU.Build.0 = Debug|Any CPU
		{2F4B0AAC-4B6A-4D96-921E-A754A5825BBA}.Release|Any CPU.ActiveCfg = Release|Any CPU
		{2F4B0AAC-4B6A-4D96-921E-A754A5825BBA}.Release|Any CPU.Build.0 = Release|Any CPU
		{B64EE24B-C6C9-4E17-842D-9319984EBAC1}.Debug|Any CPU.ActiveCfg = Debug|Any CPU
		{B64EE24B-C6C9-4E17-842D-9319984EBAC1}.Debug|Any CPU.Build.0 = Debug|Any CPU
		{B64EE24B-C6C9-4E17-842D-9319984EBAC1}.Release|Any CPU.ActiveCfg = Release|Any CPU
		{B64EE24B-C6C9-4E17-842D-9319984EBAC1}.Release|Any CPU.Build.0 = Release|Any CPU
	EndGlobalSection
	GlobalSection(SolutionProperties) = preSolution
		HideSolutionNode = FALSE
	EndGlobalSection
	GlobalSection(NestedProjects) = preSolution
		{AC7658BF-02C6-459F-B919-0388AF3220E3} = {C7DC7D63-EB85-42A5-BC02-E454A3E220DB}
		{9E450112-65AF-4972-9978-593FE1145278} = {C7DC7D63-EB85-42A5-BC02-E454A3E220DB}
		{1489C8A1-C503-4766-8360-8F2231D313E6} = {C7DC7D63-EB85-42A5-BC02-E454A3E220DB}
		{02970993-3467-4293-8430-903F5774BFD2} = {C7DC7D63-EB85-42A5-BC02-E454A3E220DB}
		{060FD65F-D58B-4E20-84B9-924B5B04BF58} = {C7DC7D63-EB85-42A5-BC02-E454A3E220DB}
		{944A89EE-4564-4292-94AD-8D8245FF4060} = {C7DC7D63-EB85-42A5-BC02-E454A3E220DB}
		{6F719BE8-9856-40F5-86D4-D946D097EA25} = {C7DC7D63-EB85-42A5-BC02-E454A3E220DB}
		{81D9BCE1-233A-4C44-8DEF-C66DF0C129E0} = {C7DC7D63-EB85-42A5-BC02-E454A3E220DB}
		{195CEBD8-1066-4727-BD6A-BF86F5B70109} = {C7DC7D63-EB85-42A5-BC02-E454A3E220DB}
		{DD668CDC-2AAA-4E80-A2E0-A34B9833F1D9} = {C7DC7D63-EB85-42A5-BC02-E454A3E220DB}
		{0524509F-EE93-4F3E-B090-EECDF7ADACAA} = {C7DC7D63-EB85-42A5-BC02-E454A3E220DB}
		{34D089B5-03AE-4838-8F90-603637A8EB78} = {C7DC7D63-EB85-42A5-BC02-E454A3E220DB}
		{CC589DDE-423C-4814-B0F0-6CFDCF8010F1} = {C7DC7D63-EB85-42A5-BC02-E454A3E220DB}
		{A10A06B8-F02A-405E-A265-CAA2E5072BF4} = {C7DC7D63-EB85-42A5-BC02-E454A3E220DB}
		{2F4B0AAC-4B6A-4D96-921E-A754A5825BBA} = {C7DC7D63-EB85-42A5-BC02-E454A3E220DB}
		{B64EE24B-C6C9-4E17-842D-9319984EBAC1} = {C7DC7D63-EB85-42A5-BC02-E454A3E220DB}
	EndGlobalSection
EndGlobal
